{
  "version": 4,
  "terraform_version": "0.14.0",
  "serial": 229,
  "lineage": "9964166c-2370-54db-8ed7-505823a8346a",
  "outputs": {},
  "resources": [
    {
      "mode": "managed",
      "type": "google_compute_firewall",
      "name": "ssh",
      "provider": "provider[\"registry.terraform.io/hashicorp/google\"]",
      "instances": [
        {
          "schema_version": 1,
          "attributes": {
            "allow": [
              {
                "ports": [
                  "22"
                ],
                "protocol": "tcp"
              }
            ],
            "creation_timestamp": "2023-02-18T15:10:47.309-08:00",
            "deny": [],
            "description": "",
            "destination_ranges": [],
            "direction": "INGRESS",
            "disabled": false,
            "enable_logging": null,
            "id": "projects/my-project-56889-badawi/global/firewalls/allow-ssh-vm",
            "log_config": [],
            "name": "allow-ssh-vm",
            "network": "https://www.googleapis.com/compute/v1/projects/my-project-56889-badawi/global/networks/terraform-network",
            "priority": 1000,
            "project": "my-project-56889-badawi",
            "self_link": "https://www.googleapis.com/compute/v1/projects/my-project-56889-badawi/global/firewalls/allow-ssh-vm",
            "source_ranges": [
              "0.0.0.0/0"
            ],
            "source_service_accounts": [],
            "source_tags": [],
            "target_service_accounts": [],
            "target_tags": [
              "manager"
            ],
            "timeouts": null
          },
          "sensitive_attributes": [],
          "private": "eyJlMmJmYjczMC1lY2FhLTExZTYtOGY4OC0zNDM2M2JjN2M0YzAiOnsiY3JlYXRlIjoxMjAwMDAwMDAwMDAwLCJkZWxldGUiOjEyMDAwMDAwMDAwMDAsInVwZGF0ZSI6MTIwMDAwMDAwMDAwMH0sInNjaGVtYV92ZXJzaW9uIjoiMSJ9",
          "dependencies": [
            "google_compute_network.vpc_network"
          ]
        }
      ]
    },
    {
      "mode": "managed",
      "type": "google_compute_instance",
      "name": "vm_manager",
      "provider": "provider[\"registry.terraform.io/hashicorp/google\"]",
      "instances": [
        {
          "schema_version": 6,
          "attributes": {
            "advanced_machine_features": [],
            "allow_stopping_for_update": null,
            "attached_disk": [],
            "boot_disk": [
              {
                "auto_delete": true,
                "device_name": "persistent-disk-0",
                "disk_encryption_key_raw": "",
                "disk_encryption_key_sha256": "",
                "initialize_params": [
                  {
                    "image": "https://www.googleapis.com/compute/v1/projects/debian-cloud/global/images/debian-11-bullseye-v20230206",
                    "labels": {
                      "my_label": "value"
                    },
                    "size": 10,
                    "type": "pd-standard"
                  }
                ],
                "kms_key_self_link": "",
                "mode": "READ_WRITE",
                "source": "https://www.googleapis.com/compute/v1/projects/my-project-56889-badawi/zones/us-central1-a/disks/vm-manager"
              }
            ],
            "can_ip_forward": false,
            "confidential_instance_config": [],
            "cpu_platform": "Intel Broadwell",
            "current_status": "RUNNING",
            "deletion_protection": false,
            "description": "",
            "desired_status": null,
            "enable_display": false,
            "guest_accelerator": [],
            "hostname": "",
            "id": "projects/my-project-56889-badawi/zones/us-central1-a/instances/vm-manager",
            "instance_id": "2884693888224471864",
            "label_fingerprint": "42WmSpB8rSM=",
            "labels": null,
            "machine_type": "e2-medium",
            "metadata": {
              "job": "manager"
            },
            "metadata_fingerprint": "YZk_CxPudYA=",
            "metadata_startup_script": "#!/bin/bash\n# ================= install docker ===============\nsudo apt-get update -y\nsudo apt-get install -y\\\n    ca-certificates \\\n    curl \\\n    gnupg \\\n    lsb-release\nsudo mkdir -m 0755 -p /etc/apt/keyrings\ncurl -fsSL https://download.docker.com/linux/debian/gpg | sudo gpg --dearmor -o /etc/apt/keyrings/docker.gpg\necho \\\n  \"deb [arch=$(dpkg --print-architecture) signed-by=/etc/apt/keyrings/docker.gpg] https://download.docker.com/linux/debian \\\n  $(lsb_release -cs) stable\" | sudo tee /etc/apt/sources.list.d/docker.list \u003e /dev/null\nsudo chmod a+r /etc/apt/keyrings/docker.gpg\nsudo apt-get update -y\nsudo apt-get install docker-ce docker-ce-cli containerd.io docker-buildx-plugin docker-compose-plugin -y\nsudo usermod -aG docker $USER\nnewgrp docker\n\n# ================= install kubectl ===============\nsudo apt-get install kubectl\n\n\n# ================= install gcloud-auth-plugin ===============\nsudo apt-get install google-cloud-sdk-gke-gcloud-auth-plugin\n\n# ================= get credintionals ===============\nsudo usermod -a -G docker ${USER}\ngcloud auth configure-docker\nVERSION=2.1.5\nOS=linux \nARCH=amd64\ncurl -fsSL \"https://github.com/GoogleCloudPlatform/docker-credential-gcr/releases/download/v${VERSION}/docker-credential-gcr_${OS}_${ARCH}-${VERSION}.tar.gz\" \\\n| tar xz docker-credential-gcr \\\n\u0026\u0026 chmod +x docker-credential-gcr \u0026\u0026 sudo mv docker-credential-gcr /usr/bin/\ndocker-credential-gcr configure-docker",
            "min_cpu_platform": "",
            "name": "vm-manager",
            "network_interface": [
              {
                "access_config": [],
                "alias_ip_range": [],
                "ipv6_access_config": [],
                "ipv6_access_type": "",
                "name": "nic0",
                "network": "https://www.googleapis.com/compute/v1/projects/my-project-56889-badawi/global/networks/terraform-network",
                "network_ip": "10.2.0.6",
                "nic_type": "",
                "queue_count": 0,
                "stack_type": "IPV4_ONLY",
                "subnetwork": "https://www.googleapis.com/compute/v1/projects/my-project-56889-badawi/regions/us-central1/subnetworks/management-subnet",
                "subnetwork_project": "my-project-56889-badawi"
              }
            ],
            "project": "my-project-56889-badawi",
            "reservation_affinity": [],
            "resource_policies": null,
            "scheduling": [
              {
                "automatic_restart": true,
                "instance_termination_action": "",
                "min_node_cpus": 0,
                "node_affinities": [],
                "on_host_maintenance": "MIGRATE",
                "preemptible": false,
                "provisioning_model": "STANDARD"
              }
            ],
            "scratch_disk": [],
            "self_link": "https://www.googleapis.com/compute/v1/projects/my-project-56889-badawi/zones/us-central1-a/instances/vm-manager",
            "service_account": [
              {
                "email": "gke-manager@my-project-56889-badawi.iam.gserviceaccount.com",
                "scopes": [
                  "https://www.googleapis.com/auth/cloud-platform"
                ]
              }
            ],
            "shielded_instance_config": [
              {
                "enable_integrity_monitoring": true,
                "enable_secure_boot": false,
                "enable_vtpm": true
              }
            ],
            "tags": [
              "job",
              "manager"
            ],
            "tags_fingerprint": "eY3v6vLvvQQ=",
            "timeouts": null,
            "zone": "us-central1-a"
          },
          "sensitive_attributes": [],
          "private": "eyJlMmJmYjczMC1lY2FhLTExZTYtOGY4OC0zNDM2M2JjN2M0YzAiOnsiY3JlYXRlIjoxMjAwMDAwMDAwMDAwLCJkZWxldGUiOjEyMDAwMDAwMDAwMDAsInVwZGF0ZSI6MTIwMDAwMDAwMDAwMH0sInNjaGVtYV92ZXJzaW9uIjoiNiJ9",
          "dependencies": [
            "google_compute_network.vpc_network",
            "google_compute_subnetwork.subnetwork",
            "google_service_account.gke-manager"
          ]
        }
      ]
    },
    {
      "mode": "managed",
      "type": "google_compute_network",
      "name": "vpc_network",
      "provider": "provider[\"registry.terraform.io/hashicorp/google\"]",
      "instances": [
        {
          "schema_version": 0,
          "attributes": {
            "auto_create_subnetworks": false,
            "delete_default_routes_on_create": false,
            "description": "",
            "enable_ula_internal_ipv6": false,
            "gateway_ipv4": "",
            "id": "projects/my-project-56889-badawi/global/networks/terraform-network",
            "internal_ipv6_range": "",
            "mtu": 0,
            "name": "terraform-network",
            "project": "my-project-56889-badawi",
            "routing_mode": "REGIONAL",
            "self_link": "https://www.googleapis.com/compute/v1/projects/my-project-56889-badawi/global/networks/terraform-network",
            "timeouts": null
          },
          "sensitive_attributes": [],
          "private": "eyJlMmJmYjczMC1lY2FhLTExZTYtOGY4OC0zNDM2M2JjN2M0YzAiOnsiY3JlYXRlIjoxMjAwMDAwMDAwMDAwLCJkZWxldGUiOjEyMDAwMDAwMDAwMDAsInVwZGF0ZSI6MTIwMDAwMDAwMDAwMH19"
        }
      ]
    },
    {
      "mode": "managed",
      "type": "google_compute_router",
      "name": "router",
      "provider": "provider[\"registry.terraform.io/hashicorp/google\"]",
      "instances": [
        {
          "schema_version": 0,
          "attributes": {
            "bgp": [],
            "creation_timestamp": "2023-02-18T15:11:01.884-08:00",
            "description": "",
            "encrypted_interconnect_router": false,
            "id": "projects/my-project-56889-badawi/regions/us-central1/routers/my-router",
            "name": "my-router",
            "network": "https://www.googleapis.com/compute/v1/projects/my-project-56889-badawi/global/networks/terraform-network",
            "project": "my-project-56889-badawi",
            "region": "us-central1",
            "self_link": "https://www.googleapis.com/compute/v1/projects/my-project-56889-badawi/regions/us-central1/routers/my-router",
            "timeouts": null
          },
          "sensitive_attributes": [],
          "private": "eyJlMmJmYjczMC1lY2FhLTExZTYtOGY4OC0zNDM2M2JjN2M0YzAiOnsiY3JlYXRlIjoxMjAwMDAwMDAwMDAwLCJkZWxldGUiOjEyMDAwMDAwMDAwMDAsInVwZGF0ZSI6MTIwMDAwMDAwMDAwMH19",
          "dependencies": [
            "google_compute_network.vpc_network",
            "google_compute_subnetwork.subnetwork"
          ]
        }
      ]
    },
    {
      "mode": "managed",
      "type": "google_compute_router_nat",
      "name": "nat",
      "provider": "provider[\"registry.terraform.io/hashicorp/google\"]",
      "instances": [
        {
          "schema_version": 0,
          "attributes": {
            "drain_nat_ips": [],
            "enable_dynamic_port_allocation": false,
            "enable_endpoint_independent_mapping": true,
            "icmp_idle_timeout_sec": 30,
            "id": "my-project-56889-badawi/us-central1/my-router/my-router-nat",
            "log_config": [],
            "max_ports_per_vm": 0,
            "min_ports_per_vm": 0,
            "name": "my-router-nat",
            "nat_ip_allocate_option": "AUTO_ONLY",
            "nat_ips": [],
            "project": "my-project-56889-badawi",
            "region": "us-central1",
            "router": "my-router",
            "rules": [],
            "source_subnetwork_ip_ranges_to_nat": "LIST_OF_SUBNETWORKS",
            "subnetwork": [
              {
                "name": "https://www.googleapis.com/compute/v1/projects/my-project-56889-badawi/regions/us-central1/subnetworks/management-subnet",
                "secondary_ip_range_names": [],
                "source_ip_ranges_to_nat": [
                  "ALL_IP_RANGES"
                ]
              }
            ],
            "tcp_established_idle_timeout_sec": 1200,
            "tcp_time_wait_timeout_sec": 120,
            "tcp_transitory_idle_timeout_sec": 30,
            "timeouts": null,
            "udp_idle_timeout_sec": 30
          },
          "sensitive_attributes": [],
          "private": "eyJlMmJmYjczMC1lY2FhLTExZTYtOGY4OC0zNDM2M2JjN2M0YzAiOnsiY3JlYXRlIjoxMjAwMDAwMDAwMDAwLCJkZWxldGUiOjEyMDAwMDAwMDAwMDAsInVwZGF0ZSI6MTIwMDAwMDAwMDAwMH19",
          "dependencies": [
            "google_compute_network.vpc_network",
            "google_compute_router.router",
            "google_compute_subnetwork.subnetwork"
          ]
        }
      ]
    },
    {
      "mode": "managed",
      "type": "google_compute_subnetwork",
      "name": "subnetwork",
      "provider": "provider[\"registry.terraform.io/hashicorp/google\"]",
      "instances": [
        {
          "schema_version": 0,
          "attributes": {
            "creation_timestamp": "2023-02-18T15:10:48.517-08:00",
            "description": "",
            "external_ipv6_prefix": "",
            "fingerprint": null,
            "gateway_address": "10.2.0.1",
            "id": "projects/my-project-56889-badawi/regions/us-central1/subnetworks/management-subnet",
            "ip_cidr_range": "10.2.0.0/16",
            "ipv6_access_type": "",
            "ipv6_cidr_range": "",
            "log_config": [],
            "name": "management-subnet",
            "network": "https://www.googleapis.com/compute/v1/projects/my-project-56889-badawi/global/networks/terraform-network",
            "private_ip_google_access": false,
            "private_ipv6_google_access": "DISABLE_GOOGLE_ACCESS",
            "project": "my-project-56889-badawi",
            "purpose": "PRIVATE",
            "region": "us-central1",
            "role": "",
            "secondary_ip_range": [],
            "self_link": "https://www.googleapis.com/compute/v1/projects/my-project-56889-badawi/regions/us-central1/subnetworks/management-subnet",
            "stack_type": "IPV4_ONLY",
            "timeouts": null
          },
          "sensitive_attributes": [],
          "private": "eyJlMmJmYjczMC1lY2FhLTExZTYtOGY4OC0zNDM2M2JjN2M0YzAiOnsiY3JlYXRlIjoxMjAwMDAwMDAwMDAwLCJkZWxldGUiOjEyMDAwMDAwMDAwMDAsInVwZGF0ZSI6MTIwMDAwMDAwMDAwMH19",
          "dependencies": [
            "google_compute_network.vpc_network"
          ]
        }
      ]
    },
    {
      "mode": "managed",
      "type": "google_compute_subnetwork",
      "name": "subnetwork_2",
      "provider": "provider[\"registry.terraform.io/hashicorp/google\"]",
      "instances": [
        {
          "schema_version": 0,
          "attributes": {
            "creation_timestamp": "2023-02-18T15:10:48.001-08:00",
            "description": "",
            "external_ipv6_prefix": "",
            "fingerprint": null,
            "gateway_address": "10.1.0.1",
            "id": "projects/my-project-56889-badawi/regions/us-central1/subnetworks/restricted-subnet",
            "ip_cidr_range": "10.1.0.0/16",
            "ipv6_access_type": "",
            "ipv6_cidr_range": "",
            "log_config": [],
            "name": "restricted-subnet",
            "network": "https://www.googleapis.com/compute/v1/projects/my-project-56889-badawi/global/networks/terraform-network",
            "private_ip_google_access": true,
            "private_ipv6_google_access": "DISABLE_GOOGLE_ACCESS",
            "project": "my-project-56889-badawi",
            "purpose": "PRIVATE",
            "region": "us-central1",
            "role": "",
            "secondary_ip_range": [
              {
                "ip_cidr_range": "10.192.0.0/14",
                "range_name": "gke-primary-pods-7b4fb81d"
              },
              {
                "ip_cidr_range": "10.196.0.0/20",
                "range_name": "gke-primary-services-7b4fb81d"
              }
            ],
            "self_link": "https://www.googleapis.com/compute/v1/projects/my-project-56889-badawi/regions/us-central1/subnetworks/restricted-subnet",
            "stack_type": "IPV4_ONLY",
            "timeouts": null
          },
          "sensitive_attributes": [],
          "private": "eyJlMmJmYjczMC1lY2FhLTExZTYtOGY4OC0zNDM2M2JjN2M0YzAiOnsiY3JlYXRlIjoxMjAwMDAwMDAwMDAwLCJkZWxldGUiOjEyMDAwMDAwMDAwMDAsInVwZGF0ZSI6MTIwMDAwMDAwMDAwMH19",
          "dependencies": [
            "google_compute_network.vpc_network"
          ]
        }
      ]
    },
    {
      "mode": "managed",
      "type": "google_container_cluster",
      "name": "primary",
      "provider": "provider[\"registry.terraform.io/hashicorp/google\"]",
      "instances": [
        {
          "schema_version": 1,
          "attributes": {
            "addons_config": [
              {
                "cloudrun_config": [],
                "config_connector_config": [],
                "dns_cache_config": [],
                "gce_persistent_disk_csi_driver_config": [
                  {
                    "enabled": true
                  }
                ],
                "gcp_filestore_csi_driver_config": [],
                "gke_backup_agent_config": [],
                "horizontal_pod_autoscaling": [
                  {
                    "disabled": false
                  }
                ],
                "http_load_balancing": [
                  {
                    "disabled": true
                  }
                ],
                "network_policy_config": [
                  {
                    "disabled": true
                  }
                ]
              }
            ],
            "authenticator_groups_config": [],
            "binary_authorization": [
              {
                "enabled": false,
                "evaluation_mode": ""
              }
            ],
            "cluster_autoscaling": [
              {
                "auto_provisioning_defaults": [],
                "enabled": false,
                "resource_limits": []
              }
            ],
            "cluster_ipv4_cidr": "10.192.0.0/14",
            "confidential_nodes": [],
            "cost_management_config": [],
            "database_encryption": [
              {
                "key_name": "",
                "state": "DECRYPTED"
              }
            ],
            "datapath_provider": "",
            "default_max_pods_per_node": 110,
            "default_snat_status": [
              {
                "disabled": false
              }
            ],
            "description": "",
            "dns_config": [],
            "enable_autopilot": false,
            "enable_binary_authorization": false,
            "enable_intranode_visibility": false,
            "enable_kubernetes_alpha": false,
            "enable_l4_ilb_subsetting": false,
            "enable_legacy_abac": false,
            "enable_shielded_nodes": true,
            "enable_tpu": false,
            "endpoint": "172.16.0.2",
            "gateway_api_config": [],
            "id": "projects/my-project-56889-badawi/locations/us-central1-a/clusters/primary",
            "initial_node_count": 1,
            "ip_allocation_policy": [
              {
                "cluster_ipv4_cidr_block": "10.192.0.0/14",
                "cluster_secondary_range_name": "gke-primary-pods-7b4fb81d",
                "services_ipv4_cidr_block": "10.196.0.0/20",
                "services_secondary_range_name": "gke-primary-services-7b4fb81d"
              }
            ],
            "label_fingerprint": "a9dc16a7",
            "location": "us-central1-a",
            "logging_config": [
              {
                "enable_components": [
                  "SYSTEM_COMPONENTS",
                  "WORKLOADS"
                ]
              }
            ],
            "logging_service": "logging.googleapis.com/kubernetes",
            "maintenance_policy": [],
            "master_auth": [
              {
                "client_certificate": "",
                "client_certificate_config": [
                  {
                    "issue_client_certificate": false
                  }
                ],
                "client_key": "",
                "cluster_ca_certificate": "LS0tLS1CRUdJTiBDRVJUSUZJQ0FURS0tLS0tCk1JSUVMVENDQXBXZ0F3SUJBZ0lSQUt5bjNZSzRhaDFXZU5EOVY3WVlwWm93RFFZSktvWklodmNOQVFFTEJRQXcKTHpFdE1Dc0dBMVVFQXhNa1pHUTJNMk15T0RFdE1XWTRaQzAwT0dGakxXSmpORGt0T0RVNVl6QmxPREJrWkdFeApNQ0FYRFRJek1ESXhPREl5TlRBMU5Wb1lEekl3TlRNd01qRXdNak0xTURVMVdqQXZNUzB3S3dZRFZRUURFeVJrClpEWXpZekk0TVMweFpqaGtMVFE0WVdNdFltTTBPUzA0TlRsak1HVTRNR1JrWVRFd2dnR2lNQTBHQ1NxR1NJYjMKRFFFQkFRVUFBNElCandBd2dnR0tBb0lCZ1FDaGh0RENEVGxRb1Y0T3B5czUxN0QrNnA4TmlpU1dpWU9vRDYzZwpTVlZTNmhSRFRic2FIT21CVjg2RkNVd3MvdTVydHV1S1lNRGVzNExkODd6TFpodmczb2NjaGRxY1dhWGtLdG1nCmpsRGQ3eTZhWGxLYWVid0hqNWlzVFIwbkxUY3BKRjd3cGhHSVNKd01LNFh2Umw1SWVzdTVlWFhqWjNvRi9WeFoKdXk0WER4aTgyMzFyTUNRUmpqR3RKN1FKUXlpb0w0UVRJOVp4cnE5TCsweVpaZFRVYWI5U2U0MXk2QXJtVjVVSwpWeU00WnNVYXBzTkdra2d0TGlQOWVCaEhIU2x0OVUwcFkxYXpyb1ZHV2VnaGVXSFI2aURkL002SWdrWHpZblI5ClVDZW8ySHFHOStEb0RFTm9CbDdZWlZIZG5TR3hyZVRUbzQrakNITWV1aVBmaVcyTkRqVER4Tkp5NkRuSyswM0gKYjRtaC83RmVHdzl1VElLSUJDNUhrOWpFOXFldXoySUhleWJXOFhFQjhhZGNxR2dGY3grM2hlVXYrYmxlbTI1eAoxZmM0TUd3eExjem9lK005TkV6bHZrMEJGeDhmWk9NWmVJRWNxNDJyYUxGeE9hNThSVkJrdXp1dTJpNFY0SUxSClJ4dW95RjJlZlNNSHlrTUtRbXp5czVMeVhTTUNBd0VBQWFOQ01FQXdEZ1lEVlIwUEFRSC9CQVFEQWdJRU1BOEcKQTFVZEV3RUIvd1FGTUFNQkFmOHdIUVlEVlIwT0JCWUVGTEM5Tm5NN1BrZWFrZ2IvWmVzOWVGZkNwZWZRTUEwRwpDU3FHU0liM0RRRUJDd1VBQTRJQmdRQjNucHMvVnRUUjY2VUVQUjNnajRwTXE1STZBdWNjTXlscCtWOWdpekt6CmJzTjlUWHRsalRkNG44bDJHWWgxcklFSnNMMUtqNzNIOGcwMFpOcmhKNkNFVjVYdDFOdC90cWM1MEtDeklJVE0KMXE1NGZmUHBLS1lUbmVWeXJ3U09BcG8yZ2U5M1J3TGVEeTFicitYL0oxUmM5UUNoSmNmdkJ6MU1wRnlRdjBpWQo5MlNqL3JhWis0RkcrcVRHOUsyNEM5d05RVTNFYURjMTYwQTVMYTR1N01NU2ZwTnpkZi84SmdTa1RHNDY3MExDCldNQnVBYWhGR0FJMEtLYTEySUI5YnVsWEE4UjZQbWFoRWEzRnNHQlRKVlN2ZmlFTWg2Qy84aE41akp4SmVCVmgKRlp2TkNIWXo2RTgzT3FsUC9FRGhFSkJJOTMvd1NQdGNQeVVlaEw2M3p3YThrUE1YZVNrVXdSeXRtZ0RvVDJ2cApLWi9tNUJXS21RanlYZXNvNGJUdHFhalZGVVJ5ZVJaNElwbjdoZ1lmOEdGZkpUQmdNRFpSZEdYaTJweExOdmtlCjNBb05vSkxWMm93WC9tQ216WDZHdnI5T3NrMHFWRnJ5eHFQRDJVSlI3dzJQYlZZMXZpRHFObHcxci9jTXJDSXQKQVEvVHhIcWtFU1RBNG8xbkYycXZ4NEU9Ci0tLS0tRU5EIENFUlRJRklDQVRFLS0tLS0K"
              }
            ],
            "master_authorized_networks_config": [
              {
                "cidr_blocks": [
                  {
                    "cidr_block": "10.2.0.0/16",
                    "display_name": "private-subnet"
                  }
                ],
                "gcp_public_cidrs_access_enabled": false
              }
            ],
            "master_version": "1.24.9-gke.2000",
            "mesh_certificates": [],
            "min_master_version": null,
            "monitoring_config": [
              {
                "enable_components": [
                  "SYSTEM_COMPONENTS"
                ],
                "managed_prometheus": []
              }
            ],
            "monitoring_service": "monitoring.googleapis.com/kubernetes",
            "name": "primary",
            "network": "projects/my-project-56889-badawi/global/networks/terraform-network",
            "network_policy": [
              {
                "enabled": false,
                "provider": "PROVIDER_UNSPECIFIED"
              }
            ],
            "networking_mode": "VPC_NATIVE",
            "node_config": [
              {
                "boot_disk_kms_key": "",
                "disk_size_gb": 20,
                "disk_type": "pd-standard",
                "gcfs_config": [],
                "guest_accelerator": [],
                "gvnic": [],
                "image_type": "COS_CONTAINERD",
                "kubelet_config": [],
                "labels": {
                  "role": "general"
                },
                "linux_node_config": [],
                "local_ssd_count": 0,
                "logging_variant": "DEFAULT",
                "machine_type": "e2-small",
                "metadata": {
                  "disable-legacy-endpoints": "true"
                },
                "min_cpu_platform": "",
                "node_group": "",
                "oauth_scopes": [
                  "https://www.googleapis.com/auth/cloud-platform"
                ],
                "preemptible": false,
                "reservation_affinity": [],
                "resource_labels": {},
                "service_account": "node-gke@my-project-56889-badawi.iam.gserviceaccount.com",
                "shielded_instance_config": [
                  {
                    "enable_integrity_monitoring": true,
                    "enable_secure_boot": false
                  }
                ],
                "spot": false,
                "tags": [],
                "taint": [],
                "workload_metadata_config": []
              }
            ],
            "node_locations": [
              "us-central1-b"
            ],
            "node_pool": [
              {
                "autoscaling": [],
                "initial_node_count": 1,
                "instance_group_urls": [
                  "https://www.googleapis.com/compute/v1/projects/my-project-56889-badawi/zones/us-central1-a/instanceGroupManagers/gke-primary-general-8b1f2ff4-grp",
                  "https://www.googleapis.com/compute/v1/projects/my-project-56889-badawi/zones/us-central1-b/instanceGroupManagers/gke-primary-general-5fea844a-grp"
                ],
                "managed_instance_group_urls": [
                  "https://www.googleapis.com/compute/v1/projects/my-project-56889-badawi/zones/us-central1-a/instanceGroups/gke-primary-general-8b1f2ff4-grp",
                  "https://www.googleapis.com/compute/v1/projects/my-project-56889-badawi/zones/us-central1-b/instanceGroups/gke-primary-general-5fea844a-grp"
                ],
                "management": [
                  {
                    "auto_repair": true,
                    "auto_upgrade": true
                  }
                ],
                "max_pods_per_node": 110,
                "name": "general",
                "name_prefix": "",
                "network_config": [
                  {
                    "create_pod_range": false,
                    "enable_private_nodes": false,
                    "pod_ipv4_cidr_block": "10.192.0.0/14",
                    "pod_range": "gke-primary-pods-7b4fb81d"
                  }
                ],
                "node_config": [
                  {
                    "boot_disk_kms_key": "",
                    "disk_size_gb": 20,
                    "disk_type": "pd-standard",
                    "gcfs_config": [],
                    "guest_accelerator": [],
                    "gvnic": [],
                    "image_type": "COS_CONTAINERD",
                    "kubelet_config": [],
                    "labels": {
                      "role": "general"
                    },
                    "linux_node_config": [],
                    "local_ssd_count": 0,
                    "logging_variant": "DEFAULT",
                    "machine_type": "e2-small",
                    "metadata": {
                      "disable-legacy-endpoints": "true"
                    },
                    "min_cpu_platform": "",
                    "node_group": "",
                    "oauth_scopes": [
                      "https://www.googleapis.com/auth/cloud-platform"
                    ],
                    "preemptible": false,
                    "reservation_affinity": [],
                    "resource_labels": {},
                    "service_account": "node-gke@my-project-56889-badawi.iam.gserviceaccount.com",
                    "shielded_instance_config": [
                      {
                        "enable_integrity_monitoring": true,
                        "enable_secure_boot": false
                      }
                    ],
                    "spot": false,
                    "tags": [],
                    "taint": [],
                    "workload_metadata_config": []
                  }
                ],
                "node_count": 1,
                "node_locations": [
                  "us-central1-a",
                  "us-central1-b"
                ],
                "placement_policy": [],
                "upgrade_settings": [
                  {
                    "blue_green_settings": [],
                    "max_surge": 1,
                    "max_unavailable": 0,
                    "strategy": "SURGE"
                  }
                ],
                "version": "1.24.9-gke.2000"
              }
            ],
            "node_pool_defaults": [
              {
                "node_config_defaults": [
                  {
                    "logging_variant": "DEFAULT"
                  }
                ]
              }
            ],
            "node_version": "1.24.9-gke.2000",
            "notification_config": [
              {
                "pubsub": [
                  {
                    "enabled": false,
                    "filter": [],
                    "topic": ""
                  }
                ]
              }
            ],
            "operation": null,
            "private_cluster_config": [
              {
                "enable_private_endpoint": true,
                "enable_private_nodes": true,
                "master_global_access_config": [
                  {
                    "enabled": false
                  }
                ],
                "master_ipv4_cidr_block": "172.16.0.0/28",
                "peering_name": "gke-na594cfe2511d1197f26-0b9e-d28f-peer",
                "private_endpoint": "172.16.0.2",
                "private_endpoint_subnetwork": "",
                "public_endpoint": "34.173.168.135"
              }
            ],
            "private_ipv6_google_access": "",
            "project": "my-project-56889-badawi",
            "release_channel": [
              {
                "channel": "REGULAR"
              }
            ],
            "remove_default_node_pool": true,
            "resource_labels": {},
            "resource_usage_export_config": [],
            "self_link": "https://container.googleapis.com/v1/projects/my-project-56889-badawi/zones/us-central1-a/clusters/primary",
            "service_external_ips_config": [
              {
                "enabled": false
              }
            ],
            "services_ipv4_cidr": "10.196.0.0/20",
            "subnetwork": "projects/my-project-56889-badawi/regions/us-central1/subnetworks/restricted-subnet",
            "timeouts": null,
            "tpu_ipv4_cidr_block": "",
            "vertical_pod_autoscaling": [],
            "workload_identity_config": []
          },
          "sensitive_attributes": [],
          "private": "eyJlMmJmYjczMC1lY2FhLTExZTYtOGY4OC0zNDM2M2JjN2M0YzAiOnsiY3JlYXRlIjoyNDAwMDAwMDAwMDAwLCJkZWxldGUiOjI0MDAwMDAwMDAwMDAsInJlYWQiOjI0MDAwMDAwMDAwMDAsInVwZGF0ZSI6MzYwMDAwMDAwMDAwMH0sInNjaGVtYV92ZXJzaW9uIjoiMSJ9",
          "dependencies": [
            "google_compute_network.vpc_network",
            "google_compute_subnetwork.subnetwork",
            "google_compute_subnetwork.subnetwork_2"
          ]
        }
      ]
    },
    {
      "mode": "managed",
      "type": "google_container_node_pool",
      "name": "general",
      "provider": "provider[\"registry.terraform.io/hashicorp/google\"]",
      "instances": [
        {
          "schema_version": 1,
          "attributes": {
            "autoscaling": [],
            "cluster": "projects/my-project-56889-badawi/locations/us-central1-a/clusters/primary",
            "id": "projects/my-project-56889-badawi/locations/us-central1-a/clusters/primary/nodePools/general",
            "initial_node_count": 1,
            "instance_group_urls": [
              "https://www.googleapis.com/compute/v1/projects/my-project-56889-badawi/zones/us-central1-a/instanceGroupManagers/gke-primary-general-8b1f2ff4-grp",
              "https://www.googleapis.com/compute/v1/projects/my-project-56889-badawi/zones/us-central1-b/instanceGroupManagers/gke-primary-general-5fea844a-grp"
            ],
            "location": "us-central1-a",
            "managed_instance_group_urls": [
              "https://www.googleapis.com/compute/v1/projects/my-project-56889-badawi/zones/us-central1-a/instanceGroups/gke-primary-general-8b1f2ff4-grp",
              "https://www.googleapis.com/compute/v1/projects/my-project-56889-badawi/zones/us-central1-b/instanceGroups/gke-primary-general-5fea844a-grp"
            ],
            "management": [
              {
                "auto_repair": true,
                "auto_upgrade": true
              }
            ],
            "max_pods_per_node": 110,
            "name": "general",
            "name_prefix": "",
            "network_config": [
              {
                "create_pod_range": false,
                "enable_private_nodes": false,
                "pod_ipv4_cidr_block": "10.192.0.0/14",
                "pod_range": "gke-primary-pods-7b4fb81d"
              }
            ],
            "node_config": [
              {
                "boot_disk_kms_key": "",
                "disk_size_gb": 20,
                "disk_type": "pd-standard",
                "gcfs_config": [],
                "guest_accelerator": [],
                "gvnic": [],
                "image_type": "COS_CONTAINERD",
                "kubelet_config": [],
                "labels": {
                  "role": "general"
                },
                "linux_node_config": [],
                "local_ssd_count": 0,
                "logging_variant": "DEFAULT",
                "machine_type": "e2-small",
                "metadata": {
                  "disable-legacy-endpoints": "true"
                },
                "min_cpu_platform": "",
                "node_group": "",
                "oauth_scopes": [
                  "https://www.googleapis.com/auth/cloud-platform"
                ],
                "preemptible": false,
                "reservation_affinity": [],
                "resource_labels": {},
                "service_account": "node-gke@my-project-56889-badawi.iam.gserviceaccount.com",
                "shielded_instance_config": [
                  {
                    "enable_integrity_monitoring": true,
                    "enable_secure_boot": false
                  }
                ],
                "spot": false,
                "tags": [],
                "taint": [],
                "workload_metadata_config": []
              }
            ],
            "node_count": 1,
            "node_locations": [
              "us-central1-a",
              "us-central1-b"
            ],
            "operation": null,
            "placement_policy": [],
            "project": "my-project-56889-badawi",
            "timeouts": null,
            "upgrade_settings": [
              {
                "blue_green_settings": [],
                "max_surge": 1,
                "max_unavailable": 0,
                "strategy": "SURGE"
              }
            ],
            "version": "1.24.9-gke.2000"
          },
          "sensitive_attributes": [],
          "private": "eyJlMmJmYjczMC1lY2FhLTExZTYtOGY4OC0zNDM2M2JjN2M0YzAiOnsiY3JlYXRlIjoxODAwMDAwMDAwMDAwLCJkZWxldGUiOjE4MDAwMDAwMDAwMDAsInVwZGF0ZSI6MTgwMDAwMDAwMDAwMH0sInNjaGVtYV92ZXJzaW9uIjoiMSJ9",
          "dependencies": [
            "google_compute_network.vpc_network",
            "google_compute_subnetwork.subnetwork",
            "google_compute_subnetwork.subnetwork_2",
            "google_container_cluster.primary",
            "google_service_account.node-gke"
          ]
        }
      ]
    },
    {
      "mode": "managed",
      "type": "google_project_iam_member",
      "name": "admin_binding",
      "provider": "provider[\"registry.terraform.io/hashicorp/google\"]",
      "instances": [
        {
          "schema_version": 0,
          "attributes": {
            "condition": [],
            "etag": "BwX1AYnhk1o=",
            "id": "my-project-56889-badawi/roles/container.admin/serviceAccount:gke-manager@my-project-56889-badawi.iam.gserviceaccount.com",
            "member": "serviceAccount:gke-manager@my-project-56889-badawi.iam.gserviceaccount.com",
            "project": "my-project-56889-badawi",
            "role": "roles/container.admin"
          },
          "sensitive_attributes": [],
          "private": "bnVsbA==",
          "dependencies": [
            "google_service_account.gke-manager"
          ]
        }
      ]
    },
    {
      "mode": "managed",
      "type": "google_project_iam_member",
      "name": "node-binding",
      "provider": "provider[\"registry.terraform.io/hashicorp/google\"]",
      "instances": [
        {
          "schema_version": 0,
          "attributes": {
            "condition": [],
            "etag": "BwX1AYnhk1o=",
            "id": "my-project-56889-badawi/roles/storage.objectViewer/serviceAccount:node-gke@my-project-56889-badawi.iam.gserviceaccount.com",
            "member": "serviceAccount:node-gke@my-project-56889-badawi.iam.gserviceaccount.com",
            "project": "my-project-56889-badawi",
            "role": "roles/storage.objectViewer"
          },
          "sensitive_attributes": [],
          "private": "bnVsbA==",
          "dependencies": [
            "google_service_account.node-gke"
          ]
        }
      ]
    },
    {
      "mode": "managed",
      "type": "google_service_account",
      "name": "gke-manager",
      "provider": "provider[\"registry.terraform.io/hashicorp/google\"]",
      "instances": [
        {
          "schema_version": 0,
          "attributes": {
            "account_id": "gke-manager",
            "description": "",
            "disabled": false,
            "display_name": "gke-manager",
            "email": "gke-manager@my-project-56889-badawi.iam.gserviceaccount.com",
            "id": "projects/my-project-56889-badawi/serviceAccounts/gke-manager@my-project-56889-badawi.iam.gserviceaccount.com",
            "member": "serviceAccount:gke-manager@my-project-56889-badawi.iam.gserviceaccount.com",
            "name": "projects/my-project-56889-badawi/serviceAccounts/gke-manager@my-project-56889-badawi.iam.gserviceaccount.com",
            "project": "my-project-56889-badawi",
            "timeouts": null,
            "unique_id": "112817975173982354905"
          },
          "sensitive_attributes": [],
          "private": "eyJlMmJmYjczMC1lY2FhLTExZTYtOGY4OC0zNDM2M2JjN2M0YzAiOnsiY3JlYXRlIjozMDAwMDAwMDAwMDB9fQ=="
        }
      ]
    },
    {
      "mode": "managed",
      "type": "google_service_account",
      "name": "node-gke",
      "provider": "provider[\"registry.terraform.io/hashicorp/google\"]",
      "instances": [
        {
          "schema_version": 0,
          "attributes": {
            "account_id": "node-gke",
            "description": "",
            "disabled": false,
            "display_name": "node-gke",
            "email": "node-gke@my-project-56889-badawi.iam.gserviceaccount.com",
            "id": "projects/my-project-56889-badawi/serviceAccounts/node-gke@my-project-56889-badawi.iam.gserviceaccount.com",
            "member": "serviceAccount:node-gke@my-project-56889-badawi.iam.gserviceaccount.com",
            "name": "projects/my-project-56889-badawi/serviceAccounts/node-gke@my-project-56889-badawi.iam.gserviceaccount.com",
            "project": "my-project-56889-badawi",
            "timeouts": null,
            "unique_id": "115906323191448531565"
          },
          "sensitive_attributes": [],
          "private": "eyJlMmJmYjczMC1lY2FhLTExZTYtOGY4OC0zNDM2M2JjN2M0YzAiOnsiY3JlYXRlIjozMDAwMDAwMDAwMDB9fQ=="
        }
      ]
    }
  ]
}
