{
  "version": 4,
  "terraform_version": "0.14.0",
  "serial": 142,
  "lineage": "9964166c-2370-54db-8ed7-505823a8346a",
  "outputs": {},
  "resources": [
    {
      "mode": "managed",
      "type": "google_compute_network",
      "name": "vpc_network",
      "provider": "provider[\"registry.terraform.io/hashicorp/google\"]",
      "instances": [
        {
          "schema_version": 0,
          "attributes": {
            "auto_create_subnetworks": false,
            "delete_default_routes_on_create": false,
            "description": "",
            "enable_ula_internal_ipv6": false,
            "gateway_ipv4": "",
            "id": "projects/my-project-56889-badawi/global/networks/terraform-network",
            "internal_ipv6_range": "",
            "mtu": 0,
            "name": "terraform-network",
            "project": "my-project-56889-badawi",
            "routing_mode": "REGIONAL",
            "self_link": "https://www.googleapis.com/compute/v1/projects/my-project-56889-badawi/global/networks/terraform-network",
            "timeouts": null
          },
          "sensitive_attributes": []
        }
      ]
    }
  ]
}
